Microsoft Visual Studio Solution File, Format Version 12.00
# Visual Studio Version 18
VisualStudioVersion = 18.0.0.0
MinimumVisualStudioVersion = 10.0.40219.1
Project("{FAE04EC0-301F-11D3-BF4B-00C04F79EFBC}") = "LoquendoBridge", "src\LoquendoBridge\LoquendoBridge.csproj", "{C20FB0D9-52A4-48B0-A7E1-1DDAB2789857}"
EndProject
Global
	GlobalSection(SolutionConfigurationPlatforms) = preSolution
		Debug|x86 = Debug|x86
		Release|x86 = Release|x86
	EndGlobalSection
	GlobalSection(ProjectConfigurationPlatforms) = postSolution
		{C20FB0D9-52A4-48B0-A7E1-1DDAB2789857}.Debug|x86.ActiveCfg = Debug|x86
		{C20FB0D9-52A4-48B0-A7E1-1DDAB2789857}.Debug|x86.Build.0 = Debug|x86
		{C20FB0D9-52A4-48B0-A7E1-1DDAB2789857}.Release|x86.ActiveCfg = Release|x86
		{C20FB0D9-52A4-48B0-A7E1-1DDAB2789857}.Release|x86.Build.0 = Release|x86
	EndGlobalSection
EndGlobal
